
Microsoft Visual Studio Solution File, Format Version 12.00
# Visual Studio 15
VisualStudioVersion = 15.0.27130.0
MinimumVisualStudioVersion = 10.0.40219.1
Project("{FAE04EC0-301F-11D3-BF4B-00C04F79EFBC}") = "AccuLynx.Twitter.Web", "AccuLynx.Twitter.Web\AccuLynx.Twitter.Web.csproj", "{3D4614BD-D430-42B4-9EAC-C6C7C90BD2F5}"
EndProject
Project("{FAE04EC0-301F-11D3-BF4B-00C04F79EFBC}") = "AccuLynx.Twitter.Dal", "AccuLynx.Twitter.Dal\AccuLynx.Twitter.Dal.csproj", "{74198232-46BF-4816-97E9-97FE7095FFE2}"
EndProject
Project("{FAE04EC0-301F-11D3-BF4B-00C04F79EFBC}") = "AccuLynx.Twitter.Managers", "AccuLynx.Twitter.Managers\AccuLynx.Twitter.Managers.csproj", "{8861735C-9BCC-47BC-830E-42FCD10B1089}"
EndProject
Project("{FAE04EC0-301F-11D3-BF4B-00C04F79EFBC}") = "AccuLynx.Twitter.Models", "AccuLynx.Twitter.Models\AccuLynx.Twitter.Models.csproj", "{22A1BB64-8652-4B47-AC90-4A17C34C05ED}"
EndProject
Global
	GlobalSection(SolutionConfigurationPlatforms) = preSolution
		Debug|Any CPU = Debug|Any CPU
		Release|Any CPU = Release|Any CPU
	EndGlobalSection
	GlobalSection(ProjectConfigurationPlatforms) = postSolution
		{3D4614BD-D430-42B4-9EAC-C6C7C90BD2F5}.Debug|Any CPU.ActiveCfg = Debug|Any CPU
		{3D4614BD-D430-42B4-9EAC-C6C7C90BD2F5}.Debug|Any CPU.Build.0 = Debug|Any CPU
		{3D4614BD-D430-42B4-9EAC-C6C7C90BD2F5}.Release|Any CPU.ActiveCfg = Release|Any CPU
		{3D4614BD-D430-42B4-9EAC-C6C7C90BD2F5}.Release|Any CPU.Build.0 = Release|Any CPU
		{74198232-46BF-4816-97E9-97FE7095FFE2}.Debug|Any CPU.ActiveCfg = Debug|Any CPU
		{74198232-46BF-4816-97E9-97FE7095FFE2}.Debug|Any CPU.Build.0 = Debug|Any CPU
		{74198232-46BF-4816-97E9-97FE7095FFE2}.Release|Any CPU.ActiveCfg = Release|Any CPU
		{74198232-46BF-4816-97E9-97FE7095FFE2}.Release|Any CPU.Build.0 = Release|Any CPU
		{8861735C-9BCC-47BC-830E-42FCD10B1089}.Debug|Any CPU.ActiveCfg = Debug|Any CPU
		{8861735C-9BCC-47BC-830E-42FCD10B1089}.Debug|Any CPU.Build.0 = Debug|Any CPU
		{8861735C-9BCC-47BC-830E-42FCD10B1089}.Release|Any CPU.ActiveCfg = Release|Any CPU
		{8861735C-9BCC-47BC-830E-42FCD10B1089}.Release|Any CPU.Build.0 = Release|Any CPU
		{22A1BB64-8652-4B47-AC90-4A17C34C05ED}.Debug|Any CPU.ActiveCfg = Debug|Any CPU
		{22A1BB64-8652-4B47-AC90-4A17C34C05ED}.Debug|Any CPU.Build.0 = Debug|Any CPU
		{22A1BB64-8652-4B47-AC90-4A17C34C05ED}.Release|Any CPU.ActiveCfg = Release|Any CPU
		{22A1BB64-8652-4B47-AC90-4A17C34C05ED}.Release|Any CPU.Build.0 = Release|Any CPU
	EndGlobalSection
	GlobalSection(SolutionProperties) = preSolution
		HideSolutionNode = FALSE
	EndGlobalSection
	GlobalSection(ExtensibilityGlobals) = postSolution
		SolutionGuid = {01097696-2E73-4C20-8F87-1903B46262E9}
	EndGlobalSection
EndGlobal
